
Microsoft Visual Studio Solution File, Format Version 12.00
# Visual Studio Version 16
VisualStudioVersion = 16.0.30907.101
MinimumVisualStudioVersion = 10.0.40219.1
Project("{9A19103F-16F7-4668-BE54-9A1E7A4F7556}") = "PPSAMPLE_BOOKSHOP", "PPSAMPLE_BOOKSHOP.csproj", "{DD084A59-2564-4B1D-8388-485897B89342}"
EndProject
Global
	GlobalSection(SolutionConfigurationPlatforms) = preSolution
		Debug|Any CPU = Debug|Any CPU
		Release|Any CPU = Release|Any CPU
	EndGlobalSection
	GlobalSection(ProjectConfigurationPlatforms) = postSolution
		{DD084A59-2564-4B1D-8388-485897B89342}.Debug|Any CPU.ActiveCfg = Debug|Any CPU
		{DD084A59-2564-4B1D-8388-485897B89342}.Debug|Any CPU.Build.0 = Debug|Any CPU
		{DD084A59-2564-4B1D-8388-485897B89342}.Release|Any CPU.ActiveCfg = Release|Any CPU
		{DD084A59-2564-4B1D-8388-485897B89342}.Release|Any CPU.Build.0 = Release|Any CPU
	EndGlobalSection
	GlobalSection(SolutionProperties) = preSolution
		HideSolutionNode = FALSE
	EndGlobalSection
	GlobalSection(ExtensibilityGlobals) = postSolution
		SolutionGuid = {CF235284-15BC-4DAC-A50F-906644BF660F}
	EndGlobalSection
EndGlobal
